{
  "name": "chandrian",
  "version": "0.0.1",
  "lockfileVersion": 1,
  "requires": true,
  "dependencies": {
    "dedupe": {
      "version": "2.1.0",
      "resolved": "https://registry.npmjs.org/dedupe/-/dedupe-2.1.0.tgz",
      "integrity": "sha1-fyAdAULKOOSHYs/DP/eYFoGLw0c=",
      "dev": true,
      "requires": {
        "sigmund": "1.0.1"
      }
    },
    "json-templates": {
      "version": "2.0.0",
      "resolved": "https://registry.npmjs.org/json-templates/-/json-templates-2.0.0.tgz",
      "integrity": "sha512-ZypSu1vRc05RcCQPCKSLHlWDOD0WIpr8mLhUsv58fydEPEw+/zDP0RkDiHGUnZ5HZReaZsrvnLJ9ojJr49U7PQ==",
      "dev": true,
      "requires": {
        "dedupe": "2.1.0",
        "object-path": "0.11.4"
      }
    },
    "jsonc-parser": {
      "version": "2.0.1",
      "resolved": "https://registry.npmjs.org/jsonc-parser/-/jsonc-parser-2.0.1.tgz",
      "integrity": "sha512-9w/QyN9qF1dTlffzkmyITa6qAYt6sDArlVZqaP+CXnRh66V73wImQGG8GIBkuas0XLAxddWEWYQ8PPFoK5KNQA==",
      "dev": true
    },
    "object-path": {
      "version": "0.11.4",
      "resolved": "https://registry.npmjs.org/object-path/-/object-path-0.11.4.tgz",
      "integrity": "sha1-NwrnUvvzfePqcKhhwju6iRVpGUk=",
      "dev": true
    },
    "sigmund": {
      "version": "1.0.1",
      "resolved": "https://registry.npmjs.org/sigmund/-/sigmund-1.0.1.tgz",
      "integrity": "sha1-P/IfGYytIXX587eBhT/ZTQ0ZtZA=",
      "dev": true
    }
  }
}
