{
	"name": "solarized-chandrian",
	"version": "1.1.1",
	"lockfileVersion": 2,
	"requires": true,
	"packages": {
		"": {
			"name": "solarized-chandrian",
			"version": "1.1.1",
			"license": "ISC",
			"devDependencies": {
				"esbuild": "^0.14.38",
				"eslint-config-prettier": "^8.3.0",
				"eslint-plugin-prettier": "^3.4.0",
				"json-templates": "^2.0.0",
				"jsonc-parser": "^2.0.1",
				"prettier": "^2.2.1"
			},
			"engines": {
				"vscode": "^1.24.0"
			}
		},
		"node_modules/dedupe": {
			"version": "2.1.0",
			"resolved": "https://registry.npmjs.org/dedupe/-/dedupe-2.1.0.tgz",
			"integrity": "sha1-fyAdAULKOOSHYs/DP/eYFoGLw0c=",
			"dev": true,
			"dependencies": {
				"sigmund": "1.0.1"
			},
			"engines": {
				"node": ">=4.0"
			}
		},
		"node_modules/esbuild": {
			"version": "0.14.38",
			"resolved": "https://registry.npmjs.org/esbuild/-/esbuild-0.14.38.tgz",
			"integrity": "sha512-12fzJ0fsm7gVZX1YQ1InkOE5f9Tl7cgf6JPYXRJtPIoE0zkWAbHdPHVPPaLi9tYAcEBqheGzqLn/3RdTOyBfcA==",
			"dev": true,
			"hasInstallScript": true,
			"bin": {
				"esbuild": "bin/esbuild"
			},
			"engines": {
				"node": ">=12"
			},
			"optionalDependencies": {
				"esbuild-android-64": "0.14.38",
				"esbuild-android-arm64": "0.14.38",
				"esbuild-darwin-64": "0.14.38",
				"esbuild-darwin-arm64": "0.14.38",
				"esbuild-freebsd-64": "0.14.38",
				"esbuild-freebsd-arm64": "0.14.38",
				"esbuild-linux-32": "0.14.38",
				"esbuild-linux-64": "0.14.38",
				"esbuild-linux-arm": "0.14.38",
				"esbuild-linux-arm64": "0.14.38",
				"esbuild-linux-mips64le": "0.14.38",
				"esbuild-linux-ppc64le": "0.14.38",
				"esbuild-linux-riscv64": "0.14.38",
				"esbuild-linux-s390x": "0.14.38",
				"esbuild-netbsd-64": "0.14.38",
				"esbuild-openbsd-64": "0.14.38",
				"esbuild-sunos-64": "0.14.38",
				"esbuild-windows-32": "0.14.38",
				"esbuild-windows-64": "0.14.38",
				"esbuild-windows-arm64": "0.14.38"
			}
		},
		"node_modules/esbuild-android-64": {
			"version": "0.14.38",
			"resolved": "https://registry.npmjs.org/esbuild-android-64/-/esbuild-android-64-0.14.38.tgz",
			"integrity": "sha512-aRFxR3scRKkbmNuGAK+Gee3+yFxkTJO/cx83Dkyzo4CnQl/2zVSurtG6+G86EQIZ+w+VYngVyK7P3HyTBKu3nw==",
			"cpu": [
				"x64"
			],
			"dev": true,
			"optional": true,
			"os": [
				"android"
			],
			"engines": {
				"node": ">=12"
			}
		},
		"node_modules/esbuild-android-arm64": {
			"version": "0.14.38",
			"resolved": "https://registry.npmjs.org/esbuild-android-arm64/-/esbuild-android-arm64-0.14.38.tgz",
			"integrity": "sha512-L2NgQRWuHFI89IIZIlpAcINy9FvBk6xFVZ7xGdOwIm8VyhX1vNCEqUJO3DPSSy945Gzdg98cxtNt8Grv1CsyhA==",
			"cpu": [
				"arm64"
			],
			"dev": true,
			"optional": true,
			"os": [
				"android"
			],
			"engines": {
				"node": ">=12"
			}
		},
		"node_modules/esbuild-darwin-64": {
			"version": "0.14.38",
			"resolved": "https://registry.npmjs.org/esbuild-darwin-64/-/esbuild-darwin-64-0.14.38.tgz",
			"integrity": "sha512-5JJvgXkX87Pd1Og0u/NJuO7TSqAikAcQQ74gyJ87bqWRVeouky84ICoV4sN6VV53aTW+NE87qLdGY4QA2S7KNA==",
			"cpu": [
				"x64"
			],
			"dev": true,
			"optional": true,
			"os": [
				"darwin"
			],
			"engines": {
				"node": ">=12"
			}
		},
		"node_modules/esbuild-darwin-arm64": {
			"version": "0.14.38",
			"resolved": "https://registry.npmjs.org/esbuild-darwin-arm64/-/esbuild-darwin-arm64-0.14.38.tgz",
			"integrity": "sha512-eqF+OejMI3mC5Dlo9Kdq/Ilbki9sQBw3QlHW3wjLmsLh+quNfHmGMp3Ly1eWm981iGBMdbtSS9+LRvR2T8B3eQ==",
			"cpu": [
				"arm64"
			],
			"dev": true,
			"optional": true,
			"os": [
				"darwin"
			],
			"engines": {
				"node": ">=12"
			}
		},
		"node_modules/esbuild-freebsd-64": {
			"version": "0.14.38",
			"resolved": "https://registry.npmjs.org/esbuild-freebsd-64/-/esbuild-freebsd-64-0.14.38.tgz",
			"integrity": "sha512-epnPbhZUt93xV5cgeY36ZxPXDsQeO55DppzsIgWM8vgiG/Rz+qYDLmh5ts3e+Ln1wA9dQ+nZmVHw+RjaW3I5Ig==",
			"cpu": [
				"x64"
			],
			"dev": true,
			"optional": true,
			"os": [
				"freebsd"
			],
			"engines": {
				"node": ">=12"
			}
		},
		"node_modules/esbuild-freebsd-arm64": {
			"version": "0.14.38",
			"resolved": "https://registry.npmjs.org/esbuild-freebsd-arm64/-/esbuild-freebsd-arm64-0.14.38.tgz",
			"integrity": "sha512-/9icXUYJWherhk+y5fjPI5yNUdFPtXHQlwP7/K/zg8t8lQdHVj20SqU9/udQmeUo5pDFHMYzcEFfJqgOVeKNNQ==",
			"cpu": [
				"arm64"
			],
			"dev": true,
			"optional": true,
			"os": [
				"freebsd"
			],
			"engines": {
				"node": ">=12"
			}
		},
		"node_modules/esbuild-linux-32": {
			"version": "0.14.38",
			"resolved": "https://registry.npmjs.org/esbuild-linux-32/-/esbuild-linux-32-0.14.38.tgz",
			"integrity": "sha512-QfgfeNHRFvr2XeHFzP8kOZVnal3QvST3A0cgq32ZrHjSMFTdgXhMhmWdKzRXP/PKcfv3e2OW9tT9PpcjNvaq6g==",
			"cpu": [
				"ia32"
			],
			"dev": true,
			"optional": true,
			"os": [
				"linux"
			],
			"engines": {
				"node": ">=12"
			}
		},
		"node_modules/esbuild-linux-64": {
			"version": "0.14.38",
			"resolved": "https://registry.npmjs.org/esbuild-linux-64/-/esbuild-linux-64-0.14.38.tgz",
			"integrity": "sha512-uuZHNmqcs+Bj1qiW9k/HZU3FtIHmYiuxZ/6Aa+/KHb/pFKr7R3aVqvxlAudYI9Fw3St0VCPfv7QBpUITSmBR1Q==",
			"cpu": [
				"x64"
			],
			"dev": true,
			"optional": true,
			"os": [
				"linux"
			],
			"engines": {
				"node": ">=12"
			}
		},
		"node_modules/esbuild-linux-arm": {
			"version": "0.14.38",
			"resolved": "https://registry.npmjs.org/esbuild-linux-arm/-/esbuild-linux-arm-0.14.38.tgz",
			"integrity": "sha512-FiFvQe8J3VKTDXG01JbvoVRXQ0x6UZwyrU4IaLBZeq39Bsbatd94Fuc3F1RGqPF5RbIWW7RvkVQjn79ejzysnA==",
			"cpu": [
				"arm"
			],
			"dev": true,
			"optional": true,
			"os": [
				"linux"
			],
			"engines": {
				"node": ">=12"
			}
		},
		"node_modules/esbuild-linux-arm64": {
			"version": "0.14.38",
			"resolved": "https://registry.npmjs.org/esbuild-linux-arm64/-/esbuild-linux-arm64-0.14.38.tgz",
			"integrity": "sha512-HlMGZTEsBrXrivr64eZ/EO0NQM8H8DuSENRok9d+Jtvq8hOLzrxfsAT9U94K3KOGk2XgCmkaI2KD8hX7F97lvA==",
			"cpu": [
				"arm64"
			],
			"dev": true,
			"optional": true,
			"os": [
				"linux"
			],
			"engines": {
				"node": ">=12"
			}
		},
		"node_modules/esbuild-linux-mips64le": {
			"version": "0.14.38",
			"resolved": "https://registry.npmjs.org/esbuild-linux-mips64le/-/esbuild-linux-mips64le-0.14.38.tgz",
			"integrity": "sha512-qd1dLf2v7QBiI5wwfil9j0HG/5YMFBAmMVmdeokbNAMbcg49p25t6IlJFXAeLzogv1AvgaXRXvgFNhScYEUXGQ==",
			"cpu": [
				"mips64el"
			],
			"dev": true,
			"optional": true,
			"os": [
				"linux"
			],
			"engines": {
				"node": ">=12"
			}
		},
		"node_modules/esbuild-linux-ppc64le": {
			"version": "0.14.38",
			"resolved": "https://registry.npmjs.org/esbuild-linux-ppc64le/-/esbuild-linux-ppc64le-0.14.38.tgz",
			"integrity": "sha512-mnbEm7o69gTl60jSuK+nn+pRsRHGtDPfzhrqEUXyCl7CTOCLtWN2bhK8bgsdp6J/2NyS/wHBjs1x8aBWwP2X9Q==",
			"cpu": [
				"ppc64"
			],
			"dev": true,
			"optional": true,
			"os": [
				"linux"
			],
			"engines": {
				"node": ">=12"
			}
		},
		"node_modules/esbuild-linux-riscv64": {
			"version": "0.14.38",
			"resolved": "https://registry.npmjs.org/esbuild-linux-riscv64/-/esbuild-linux-riscv64-0.14.38.tgz",
			"integrity": "sha512-+p6YKYbuV72uikChRk14FSyNJZ4WfYkffj6Af0/Tw63/6TJX6TnIKE+6D3xtEc7DeDth1fjUOEqm+ApKFXbbVQ==",
			"cpu": [
				"riscv64"
			],
			"dev": true,
			"optional": true,
			"os": [
				"linux"
			],
			"engines": {
				"node": ">=12"
			}
		},
		"node_modules/esbuild-linux-s390x": {
			"version": "0.14.38",
			"resolved": "https://registry.npmjs.org/esbuild-linux-s390x/-/esbuild-linux-s390x-0.14.38.tgz",
			"integrity": "sha512-0zUsiDkGJiMHxBQ7JDU8jbaanUY975CdOW1YDrurjrM0vWHfjv9tLQsW9GSyEb/heSK1L5gaweRjzfUVBFoybQ==",
			"cpu": [
				"s390x"
			],
			"dev": true,
			"optional": true,
			"os": [
				"linux"
			],
			"engines": {
				"node": ">=12"
			}
		},
		"node_modules/esbuild-netbsd-64": {
			"version": "0.14.38",
			"resolved": "https://registry.npmjs.org/esbuild-netbsd-64/-/esbuild-netbsd-64-0.14.38.tgz",
			"integrity": "sha512-cljBAApVwkpnJZfnRVThpRBGzCi+a+V9Ofb1fVkKhtrPLDYlHLrSYGtmnoTVWDQdU516qYI8+wOgcGZ4XIZh0Q==",
			"cpu": [
				"x64"
			],
			"dev": true,
			"optional": true,
			"os": [
				"netbsd"
			],
			"engines": {
				"node": ">=12"
			}
		},
		"node_modules/esbuild-openbsd-64": {
			"version": "0.14.38",
			"resolved": "https://registry.npmjs.org/esbuild-openbsd-64/-/esbuild-openbsd-64-0.14.38.tgz",
			"integrity": "sha512-CDswYr2PWPGEPpLDUO50mL3WO/07EMjnZDNKpmaxUPsrW+kVM3LoAqr/CE8UbzugpEiflYqJsGPLirThRB18IQ==",
			"cpu": [
				"x64"
			],
			"dev": true,
			"optional": true,
			"os": [
				"openbsd"
			],
			"engines": {
				"node": ">=12"
			}
		},
		"node_modules/esbuild-sunos-64": {
			"version": "0.14.38",
			"resolved": "https://registry.npmjs.org/esbuild-sunos-64/-/esbuild-sunos-64-0.14.38.tgz",
			"integrity": "sha512-2mfIoYW58gKcC3bck0j7lD3RZkqYA7MmujFYmSn9l6TiIcAMpuEvqksO+ntBgbLep/eyjpgdplF7b+4T9VJGOA==",
			"cpu": [
				"x64"
			],
			"dev": true,
			"optional": true,
			"os": [
				"sunos"
			],
			"engines": {
				"node": ">=12"
			}
		},
		"node_modules/esbuild-windows-32": {
			"version": "0.14.38",
			"resolved": "https://registry.npmjs.org/esbuild-windows-32/-/esbuild-windows-32-0.14.38.tgz",
			"integrity": "sha512-L2BmEeFZATAvU+FJzJiRLFUP+d9RHN+QXpgaOrs2klshoAm1AE6Us4X6fS9k33Uy5SzScn2TpcgecbqJza1Hjw==",
			"cpu": [
				"ia32"
			],
			"dev": true,
			"optional": true,
			"os": [
				"win32"
			],
			"engines": {
				"node": ">=12"
			}
		},
		"node_modules/esbuild-windows-64": {
			"version": "0.14.38",
			"resolved": "https://registry.npmjs.org/esbuild-windows-64/-/esbuild-windows-64-0.14.38.tgz",
			"integrity": "sha512-Khy4wVmebnzue8aeSXLC+6clo/hRYeNIm0DyikoEqX+3w3rcvrhzpoix0S+MF9vzh6JFskkIGD7Zx47ODJNyCw==",
			"cpu": [
				"x64"
			],
			"dev": true,
			"optional": true,
			"os": [
				"win32"
			],
			"engines": {
				"node": ">=12"
			}
		},
		"node_modules/esbuild-windows-arm64": {
			"version": "0.14.38",
			"resolved": "https://registry.npmjs.org/esbuild-windows-arm64/-/esbuild-windows-arm64-0.14.38.tgz",
			"integrity": "sha512-k3FGCNmHBkqdJXuJszdWciAH77PukEyDsdIryEHn9cKLQFxzhT39dSumeTuggaQcXY57UlmLGIkklWZo2qzHpw==",
			"cpu": [
				"arm64"
			],
			"dev": true,
			"optional": true,
			"os": [
				"win32"
			],
			"engines": {
				"node": ">=12"
			}
		},
		"node_modules/eslint-config-prettier": {
			"version": "8.3.0",
			"resolved": "https://registry.npmjs.org/eslint-config-prettier/-/eslint-config-prettier-8.3.0.tgz",
			"integrity": "sha512-BgZuLUSeKzvlL/VUjx/Yb787VQ26RU3gGjA3iiFvdsp/2bMfVIWUVP7tjxtjS0e+HP409cPlPvNkQloz8C91ew==",
			"dev": true,
			"bin": {
				"eslint-config-prettier": "bin/cli.js"
			},
			"peerDependencies": {
				"eslint": ">=7.0.0"
			}
		},
		"node_modules/eslint-plugin-prettier": {
			"version": "3.4.0",
			"resolved": "https://registry.npmjs.org/eslint-plugin-prettier/-/eslint-plugin-prettier-3.4.0.tgz",
			"integrity": "sha512-UDK6rJT6INSfcOo545jiaOwB701uAIt2/dR7WnFQoGCVl1/EMqdANBmwUaqqQ45aXprsTGzSa39LI1PyuRBxxw==",
			"dev": true,
			"dependencies": {
				"prettier-linter-helpers": "^1.0.0"
			},
			"engines": {
				"node": ">=6.0.0"
			},
			"peerDependencies": {
				"eslint": ">=5.0.0",
				"prettier": ">=1.13.0"
			},
			"peerDependenciesMeta": {
				"eslint-config-prettier": {
					"optional": true
				}
			}
		},
		"node_modules/fast-diff": {
			"version": "1.2.0",
			"resolved": "https://registry.npmjs.org/fast-diff/-/fast-diff-1.2.0.tgz",
			"integrity": "sha512-xJuoT5+L99XlZ8twedaRf6Ax2TgQVxvgZOYoPKqZufmJib0tL2tegPBOZb1pVNgIhlqDlA0eO0c3wBvQcmzx4w==",
			"dev": true
		},
		"node_modules/json-templates": {
			"version": "2.0.0",
			"resolved": "https://registry.npmjs.org/json-templates/-/json-templates-2.0.0.tgz",
			"integrity": "sha512-ZypSu1vRc05RcCQPCKSLHlWDOD0WIpr8mLhUsv58fydEPEw+/zDP0RkDiHGUnZ5HZReaZsrvnLJ9ojJr49U7PQ==",
			"dev": true,
			"dependencies": {
				"dedupe": "^2.1.0",
				"object-path": "^0.11.4"
			}
		},
		"node_modules/jsonc-parser": {
			"version": "2.0.1",
			"resolved": "https://registry.npmjs.org/jsonc-parser/-/jsonc-parser-2.0.1.tgz",
			"integrity": "sha512-9w/QyN9qF1dTlffzkmyITa6qAYt6sDArlVZqaP+CXnRh66V73wImQGG8GIBkuas0XLAxddWEWYQ8PPFoK5KNQA==",
			"dev": true
		},
		"node_modules/object-path": {
			"version": "0.11.8",
			"resolved": "https://registry.npmjs.org/object-path/-/object-path-0.11.8.tgz",
			"integrity": "sha512-YJjNZrlXJFM42wTBn6zgOJVar9KFJvzx6sTWDte8sWZF//cnjl0BxHNpfZx+ZffXX63A9q0b1zsFiBX4g4X5KA==",
			"dev": true,
			"engines": {
				"node": ">= 10.12.0"
			}
		},
		"node_modules/prettier": {
			"version": "2.2.1",
			"resolved": "https://registry.npmjs.org/prettier/-/prettier-2.2.1.tgz",
			"integrity": "sha512-PqyhM2yCjg/oKkFPtTGUojv7gnZAoG80ttl45O6x2Ug/rMJw4wcc9k6aaf2hibP7BGVCCM33gZoGjyvt9mm16Q==",
			"dev": true,
			"bin": {
				"prettier": "bin-prettier.js"
			},
			"engines": {
				"node": ">=10.13.0"
			}
		},
		"node_modules/prettier-linter-helpers": {
			"version": "1.0.0",
			"resolved": "https://registry.npmjs.org/prettier-linter-helpers/-/prettier-linter-helpers-1.0.0.tgz",
			"integrity": "sha512-GbK2cP9nraSSUF9N2XwUwqfzlAFlMNYYl+ShE/V+H8a9uNl/oUqB1w2EL54Jh0OlyRSd8RfWYJ3coVS4TROP2w==",
			"dev": true,
			"dependencies": {
				"fast-diff": "^1.1.2"
			},
			"engines": {
				"node": ">=6.0.0"
			}
		},
		"node_modules/sigmund": {
			"version": "1.0.1",
			"resolved": "https://registry.npmjs.org/sigmund/-/sigmund-1.0.1.tgz",
			"integrity": "sha1-P/IfGYytIXX587eBhT/ZTQ0ZtZA=",
			"dev": true
		}
	},
	"dependencies": {
		"dedupe": {
			"version": "2.1.0",
			"resolved": "https://registry.npmjs.org/dedupe/-/dedupe-2.1.0.tgz",
			"integrity": "sha1-fyAdAULKOOSHYs/DP/eYFoGLw0c=",
			"dev": true,
			"requires": {
				"sigmund": "1.0.1"
			}
		},
		"esbuild": {
			"version": "0.14.38",
			"resolved": "https://registry.npmjs.org/esbuild/-/esbuild-0.14.38.tgz",
			"integrity": "sha512-12fzJ0fsm7gVZX1YQ1InkOE5f9Tl7cgf6JPYXRJtPIoE0zkWAbHdPHVPPaLi9tYAcEBqheGzqLn/3RdTOyBfcA==",
			"dev": true,
			"requires": {
				"esbuild-android-64": "0.14.38",
				"esbuild-android-arm64": "0.14.38",
				"esbuild-darwin-64": "0.14.38",
				"esbuild-darwin-arm64": "0.14.38",
				"esbuild-freebsd-64": "0.14.38",
				"esbuild-freebsd-arm64": "0.14.38",
				"esbuild-linux-32": "0.14.38",
				"esbuild-linux-64": "0.14.38",
				"esbuild-linux-arm": "0.14.38",
				"esbuild-linux-arm64": "0.14.38",
				"esbuild-linux-mips64le": "0.14.38",
				"esbuild-linux-ppc64le": "0.14.38",
				"esbuild-linux-riscv64": "0.14.38",
				"esbuild-linux-s390x": "0.14.38",
				"esbuild-netbsd-64": "0.14.38",
				"esbuild-openbsd-64": "0.14.38",
				"esbuild-sunos-64": "0.14.38",
				"esbuild-windows-32": "0.14.38",
				"esbuild-windows-64": "0.14.38",
				"esbuild-windows-arm64": "0.14.38"
			}
		},
		"esbuild-android-64": {
			"version": "0.14.38",
			"resolved": "https://registry.npmjs.org/esbuild-android-64/-/esbuild-android-64-0.14.38.tgz",
			"integrity": "sha512-aRFxR3scRKkbmNuGAK+Gee3+yFxkTJO/cx83Dkyzo4CnQl/2zVSurtG6+G86EQIZ+w+VYngVyK7P3HyTBKu3nw==",
			"dev": true,
			"optional": true
		},
		"esbuild-android-arm64": {
			"version": "0.14.38",
			"resolved": "https://registry.npmjs.org/esbuild-android-arm64/-/esbuild-android-arm64-0.14.38.tgz",
			"integrity": "sha512-L2NgQRWuHFI89IIZIlpAcINy9FvBk6xFVZ7xGdOwIm8VyhX1vNCEqUJO3DPSSy945Gzdg98cxtNt8Grv1CsyhA==",
			"dev": true,
			"optional": true
		},
		"esbuild-darwin-64": {
			"version": "0.14.38",
			"resolved": "https://registry.npmjs.org/esbuild-darwin-64/-/esbuild-darwin-64-0.14.38.tgz",
			"integrity": "sha512-5JJvgXkX87Pd1Og0u/NJuO7TSqAikAcQQ74gyJ87bqWRVeouky84ICoV4sN6VV53aTW+NE87qLdGY4QA2S7KNA==",
			"dev": true,
			"optional": true
		},
		"esbuild-darwin-arm64": {
			"version": "0.14.38",
			"resolved": "https://registry.npmjs.org/esbuild-darwin-arm64/-/esbuild-darwin-arm64-0.14.38.tgz",
			"integrity": "sha512-eqF+OejMI3mC5Dlo9Kdq/Ilbki9sQBw3QlHW3wjLmsLh+quNfHmGMp3Ly1eWm981iGBMdbtSS9+LRvR2T8B3eQ==",
			"dev": true,
			"optional": true
		},
		"esbuild-freebsd-64": {
			"version": "0.14.38",
			"resolved": "https://registry.npmjs.org/esbuild-freebsd-64/-/esbuild-freebsd-64-0.14.38.tgz",
			"integrity": "sha512-epnPbhZUt93xV5cgeY36ZxPXDsQeO55DppzsIgWM8vgiG/Rz+qYDLmh5ts3e+Ln1wA9dQ+nZmVHw+RjaW3I5Ig==",
			"dev": true,
			"optional": true
		},
		"esbuild-freebsd-arm64": {
			"version": "0.14.38",
			"resolved": "https://registry.npmjs.org/esbuild-freebsd-arm64/-/esbuild-freebsd-arm64-0.14.38.tgz",
			"integrity": "sha512-/9icXUYJWherhk+y5fjPI5yNUdFPtXHQlwP7/K/zg8t8lQdHVj20SqU9/udQmeUo5pDFHMYzcEFfJqgOVeKNNQ==",
			"dev": true,
			"optional": true
		},
		"esbuild-linux-32": {
			"version": "0.14.38",
			"resolved": "https://registry.npmjs.org/esbuild-linux-32/-/esbuild-linux-32-0.14.38.tgz",
			"integrity": "sha512-QfgfeNHRFvr2XeHFzP8kOZVnal3QvST3A0cgq32ZrHjSMFTdgXhMhmWdKzRXP/PKcfv3e2OW9tT9PpcjNvaq6g==",
			"dev": true,
			"optional": true
		},
		"esbuild-linux-64": {
			"version": "0.14.38",
			"resolved": "https://registry.npmjs.org/esbuild-linux-64/-/esbuild-linux-64-0.14.38.tgz",
			"integrity": "sha512-uuZHNmqcs+Bj1qiW9k/HZU3FtIHmYiuxZ/6Aa+/KHb/pFKr7R3aVqvxlAudYI9Fw3St0VCPfv7QBpUITSmBR1Q==",
			"dev": true,
			"optional": true
		},
		"esbuild-linux-arm": {
			"version": "0.14.38",
			"resolved": "https://registry.npmjs.org/esbuild-linux-arm/-/esbuild-linux-arm-0.14.38.tgz",
			"integrity": "sha512-FiFvQe8J3VKTDXG01JbvoVRXQ0x6UZwyrU4IaLBZeq39Bsbatd94Fuc3F1RGqPF5RbIWW7RvkVQjn79ejzysnA==",
			"dev": true,
			"optional": true
		},
		"esbuild-linux-arm64": {
			"version": "0.14.38",
			"resolved": "https://registry.npmjs.org/esbuild-linux-arm64/-/esbuild-linux-arm64-0.14.38.tgz",
			"integrity": "sha512-HlMGZTEsBrXrivr64eZ/EO0NQM8H8DuSENRok9d+Jtvq8hOLzrxfsAT9U94K3KOGk2XgCmkaI2KD8hX7F97lvA==",
			"dev": true,
			"optional": true
		},
		"esbuild-linux-mips64le": {
			"version": "0.14.38",
			"resolved": "https://registry.npmjs.org/esbuild-linux-mips64le/-/esbuild-linux-mips64le-0.14.38.tgz",
			"integrity": "sha512-qd1dLf2v7QBiI5wwfil9j0HG/5YMFBAmMVmdeokbNAMbcg49p25t6IlJFXAeLzogv1AvgaXRXvgFNhScYEUXGQ==",
			"dev": true,
			"optional": true
		},
		"esbuild-linux-ppc64le": {
			"version": "0.14.38",
			"resolved": "https://registry.npmjs.org/esbuild-linux-ppc64le/-/esbuild-linux-ppc64le-0.14.38.tgz",
			"integrity": "sha512-mnbEm7o69gTl60jSuK+nn+pRsRHGtDPfzhrqEUXyCl7CTOCLtWN2bhK8bgsdp6J/2NyS/wHBjs1x8aBWwP2X9Q==",
			"dev": true,
			"optional": true
		},
		"esbuild-linux-riscv64": {
			"version": "0.14.38",
			"resolved": "https://registry.npmjs.org/esbuild-linux-riscv64/-/esbuild-linux-riscv64-0.14.38.tgz",
			"integrity": "sha512-+p6YKYbuV72uikChRk14FSyNJZ4WfYkffj6Af0/Tw63/6TJX6TnIKE+6D3xtEc7DeDth1fjUOEqm+ApKFXbbVQ==",
			"dev": true,
			"optional": true
		},
		"esbuild-linux-s390x": {
			"version": "0.14.38",
			"resolved": "https://registry.npmjs.org/esbuild-linux-s390x/-/esbuild-linux-s390x-0.14.38.tgz",
			"integrity": "sha512-0zUsiDkGJiMHxBQ7JDU8jbaanUY975CdOW1YDrurjrM0vWHfjv9tLQsW9GSyEb/heSK1L5gaweRjzfUVBFoybQ==",
			"dev": true,
			"optional": true
		},
		"esbuild-netbsd-64": {
			"version": "0.14.38",
			"resolved": "https://registry.npmjs.org/esbuild-netbsd-64/-/esbuild-netbsd-64-0.14.38.tgz",
			"integrity": "sha512-cljBAApVwkpnJZfnRVThpRBGzCi+a+V9Ofb1fVkKhtrPLDYlHLrSYGtmnoTVWDQdU516qYI8+wOgcGZ4XIZh0Q==",
			"dev": true,
			"optional": true
		},
		"esbuild-openbsd-64": {
			"version": "0.14.38",
			"resolved": "https://registry.npmjs.org/esbuild-openbsd-64/-/esbuild-openbsd-64-0.14.38.tgz",
			"integrity": "sha512-CDswYr2PWPGEPpLDUO50mL3WO/07EMjnZDNKpmaxUPsrW+kVM3LoAqr/CE8UbzugpEiflYqJsGPLirThRB18IQ==",
			"dev": true,
			"optional": true
		},
		"esbuild-sunos-64": {
			"version": "0.14.38",
			"resolved": "https://registry.npmjs.org/esbuild-sunos-64/-/esbuild-sunos-64-0.14.38.tgz",
			"integrity": "sha512-2mfIoYW58gKcC3bck0j7lD3RZkqYA7MmujFYmSn9l6TiIcAMpuEvqksO+ntBgbLep/eyjpgdplF7b+4T9VJGOA==",
			"dev": true,
			"optional": true
		},
		"esbuild-windows-32": {
			"version": "0.14.38",
			"resolved": "https://registry.npmjs.org/esbuild-windows-32/-/esbuild-windows-32-0.14.38.tgz",
			"integrity": "sha512-L2BmEeFZATAvU+FJzJiRLFUP+d9RHN+QXpgaOrs2klshoAm1AE6Us4X6fS9k33Uy5SzScn2TpcgecbqJza1Hjw==",
			"dev": true,
			"optional": true
		},
		"esbuild-windows-64": {
			"version": "0.14.38",
			"resolved": "https://registry.npmjs.org/esbuild-windows-64/-/esbuild-windows-64-0.14.38.tgz",
			"integrity": "sha512-Khy4wVmebnzue8aeSXLC+6clo/hRYeNIm0DyikoEqX+3w3rcvrhzpoix0S+MF9vzh6JFskkIGD7Zx47ODJNyCw==",
			"dev": true,
			"optional": true
		},
		"esbuild-windows-arm64": {
			"version": "0.14.38",
			"resolved": "https://registry.npmjs.org/esbuild-windows-arm64/-/esbuild-windows-arm64-0.14.38.tgz",
			"integrity": "sha512-k3FGCNmHBkqdJXuJszdWciAH77PukEyDsdIryEHn9cKLQFxzhT39dSumeTuggaQcXY57UlmLGIkklWZo2qzHpw==",
			"dev": true,
			"optional": true
		},
		"eslint-config-prettier": {
			"version": "8.3.0",
			"resolved": "https://registry.npmjs.org/eslint-config-prettier/-/eslint-config-prettier-8.3.0.tgz",
			"integrity": "sha512-BgZuLUSeKzvlL/VUjx/Yb787VQ26RU3gGjA3iiFvdsp/2bMfVIWUVP7tjxtjS0e+HP409cPlPvNkQloz8C91ew==",
			"dev": true,
			"requires": {}
		},
		"eslint-plugin-prettier": {
			"version": "3.4.0",
			"resolved": "https://registry.npmjs.org/eslint-plugin-prettier/-/eslint-plugin-prettier-3.4.0.tgz",
			"integrity": "sha512-UDK6rJT6INSfcOo545jiaOwB701uAIt2/dR7WnFQoGCVl1/EMqdANBmwUaqqQ45aXprsTGzSa39LI1PyuRBxxw==",
			"dev": true,
			"requires": {
				"prettier-linter-helpers": "^1.0.0"
			}
		},
		"fast-diff": {
			"version": "1.2.0",
			"resolved": "https://registry.npmjs.org/fast-diff/-/fast-diff-1.2.0.tgz",
			"integrity": "sha512-xJuoT5+L99XlZ8twedaRf6Ax2TgQVxvgZOYoPKqZufmJib0tL2tegPBOZb1pVNgIhlqDlA0eO0c3wBvQcmzx4w==",
			"dev": true
		},
		"json-templates": {
			"version": "2.0.0",
			"resolved": "https://registry.npmjs.org/json-templates/-/json-templates-2.0.0.tgz",
			"integrity": "sha512-ZypSu1vRc05RcCQPCKSLHlWDOD0WIpr8mLhUsv58fydEPEw+/zDP0RkDiHGUnZ5HZReaZsrvnLJ9ojJr49U7PQ==",
			"dev": true,
			"requires": {
				"dedupe": "^2.1.0",
				"object-path": "^0.11.4"
			}
		},
		"jsonc-parser": {
			"version": "2.0.1",
			"resolved": "https://registry.npmjs.org/jsonc-parser/-/jsonc-parser-2.0.1.tgz",
			"integrity": "sha512-9w/QyN9qF1dTlffzkmyITa6qAYt6sDArlVZqaP+CXnRh66V73wImQGG8GIBkuas0XLAxddWEWYQ8PPFoK5KNQA==",
			"dev": true
		},
		"object-path": {
			"version": "0.11.8",
			"resolved": "https://registry.npmjs.org/object-path/-/object-path-0.11.8.tgz",
			"integrity": "sha512-YJjNZrlXJFM42wTBn6zgOJVar9KFJvzx6sTWDte8sWZF//cnjl0BxHNpfZx+ZffXX63A9q0b1zsFiBX4g4X5KA==",
			"dev": true
		},
		"prettier": {
			"version": "2.2.1",
			"resolved": "https://registry.npmjs.org/prettier/-/prettier-2.2.1.tgz",
			"integrity": "sha512-PqyhM2yCjg/oKkFPtTGUojv7gnZAoG80ttl45O6x2Ug/rMJw4wcc9k6aaf2hibP7BGVCCM33gZoGjyvt9mm16Q==",
			"dev": true
		},
		"prettier-linter-helpers": {
			"version": "1.0.0",
			"resolved": "https://registry.npmjs.org/prettier-linter-helpers/-/prettier-linter-helpers-1.0.0.tgz",
			"integrity": "sha512-GbK2cP9nraSSUF9N2XwUwqfzlAFlMNYYl+ShE/V+H8a9uNl/oUqB1w2EL54Jh0OlyRSd8RfWYJ3coVS4TROP2w==",
			"dev": true,
			"requires": {
				"fast-diff": "^1.1.2"
			}
		},
		"sigmund": {
			"version": "1.0.1",
			"resolved": "https://registry.npmjs.org/sigmund/-/sigmund-1.0.1.tgz",
			"integrity": "sha1-P/IfGYytIXX587eBhT/ZTQ0ZtZA=",
			"dev": true
		}
	}
}
